
Microsoft Visual Studio Solution File, Format Version 12.00
# Visual Studio Version 17
VisualStudioVersion = 17.0.31903.59
MinimumVisualStudioVersion = 10.0.40219.1
Project("{2150E333-8FDC-42A3-9474-1A3956D46DE8}") = "src", "src", "{827E0CD3-B72D-47B6-A68D-7590B98EB39B}"
EndProject
Project("{FAE04EC0-301F-11D3-BF4B-00C04F79EFBC}") = "SaaSifyCore.Api", "src\SaaSifyCore.Api\SaaSifyCore.Api.csproj", "{752E2ECC-0B2A-4369-A09B-39AF5AE24EC8}"
EndProject
Project("{FAE04EC0-301F-11D3-BF4B-00C04F79EFBC}") = "SaaSifyCore.Application", "src\SaaSifyCore.Application\SaaSifyCore.Application.csproj", "{7A6DF448-7D6B-4EA3-809F-8EDEBCCC5ED8}"
EndProject
Project("{FAE04EC0-301F-11D3-BF4B-00C04F79EFBC}") = "SaaSifyCore.Domain", "src\SaaSifyCore.Domain\SaaSifyCore.Domain.csproj", "{0EA0A463-2411-4F3D-BBA7-FCA4C73ABCC2}"
EndProject
Project("{FAE04EC0-301F-11D3-BF4B-00C04F79EFBC}") = "SaaSifyCore.Infrastructure", "src\SaaSifyCore.Infrastructure\SaaSifyCore.Infrastructure.csproj", "{5E10038A-7115-4DF3-84DD-52CB5A1B3A2C}"
EndProject
Project("{2150E333-8FDC-42A3-9474-1A3956D46DE8}") = "tests", "tests", "{0AB3BF05-4346-4AA6-1389-037BE0695223}"
EndProject
Project("{FAE04EC0-301F-11D3-BF4B-00C04F79EFBC}") = "SaaSifyCore.IntegrationTests", "tests\SaaSifyCore.IntegrationTests\SaaSifyCore.IntegrationTests.csproj", "{FB5E3458-D66A-4FCF-AB94-4010AF1A156C}"
EndProject
Project("{FAE04EC0-301F-11D3-BF4B-00C04F79EFBC}") = "SaaSifyCore.UnitTests", "tests\SaaSifyCore.UnitTests\SaaSifyCore.UnitTests.csproj", "{53F67447-F1EA-478B-9A18-A5C21C5D2ADF}"
EndProject
Global
	GlobalSection(SolutionConfigurationPlatforms) = preSolution
		Debug|Any CPU = Debug|Any CPU
		Debug|x64 = Debug|x64
		Debug|x86 = Debug|x86
		Release|Any CPU = Release|Any CPU
		Release|x64 = Release|x64
		Release|x86 = Release|x86
	EndGlobalSection
	GlobalSection(ProjectConfigurationPlatforms) = postSolution
		{752E2ECC-0B2A-4369-A09B-39AF5AE24EC8}.Debug|Any CPU.ActiveCfg = Debug|Any CPU
		{752E2ECC-0B2A-4369-A09B-39AF5AE24EC8}.Debug|Any CPU.Build.0 = Debug|Any CPU
		{752E2ECC-0B2A-4369-A09B-39AF5AE24EC8}.Debug|x64.ActiveCfg = Debug|Any CPU
		{752E2ECC-0B2A-4369-A09B-39AF5AE24EC8}.Debug|x64.Build.0 = Debug|Any CPU
		{752E2ECC-0B2A-4369-A09B-39AF5AE24EC8}.Debug|x86.ActiveCfg = Debug|Any CPU
		{752E2ECC-0B2A-4369-A09B-39AF5AE24EC8}.Debug|x86.Build.0 = Debug|Any CPU
		{752E2ECC-0B2A-4369-A09B-39AF5AE24EC8}.Release|Any CPU.ActiveCfg = Release|Any CPU
		{752E2ECC-0B2A-4369-A09B-39AF5AE24EC8}.Release|Any CPU.Build.0 = Release|Any CPU
		{752E2ECC-0B2A-4369-A09B-39AF5AE24EC8}.Release|x64.ActiveCfg = Release|Any CPU
		{752E2ECC-0B2A-4369-A09B-39AF5AE24EC8}.Release|x64.Build.0 = Release|Any CPU
		{752E2ECC-0B2A-4369-A09B-39AF5AE24EC8}.Release|x86.ActiveCfg = Release|Any CPU
		{752E2ECC-0B2A-4369-A09B-39AF5AE24EC8}.Release|x86.Build.0 = Release|Any CPU
		{7A6DF448-7D6B-4EA3-809F-8EDEBCCC5ED8}.Debug|Any CPU.ActiveCfg = Debug|Any CPU
		{7A6DF448-7D6B-4EA3-809F-8EDEBCCC5ED8}.Debug|Any CPU.Build.0 = Debug|Any CPU
		{7A6DF448-7D6B-4EA3-809F-8EDEBCCC5ED8}.Debug|x64.ActiveCfg = Debug|Any CPU
		{7A6DF448-7D6B-4EA3-809F-8EDEBCCC5ED8}.Debug|x64.Build.0 = Debug|Any CPU
		{7A6DF448-7D6B-4EA3-809F-8EDEBCCC5ED8}.Debug|x86.ActiveCfg = Debug|Any CPU
		{7A6DF448-7D6B-4EA3-809F-8EDEBCCC5ED8}.Debug|x86.Build.0 = Debug|Any CPU
		{7A6DF448-7D6B-4EA3-809F-8EDEBCCC5ED8}.Release|Any CPU.ActiveCfg = Release|Any CPU
		{7A6DF448-7D6B-4EA3-809F-8EDEBCCC5ED8}.Release|Any CPU.Build.0 = Release|Any CPU
		{7A6DF448-7D6B-4EA3-809F-8EDEBCCC5ED8}.Release|x64.ActiveCfg = Release|Any CPU
		{7A6DF448-7D6B-4EA3-809F-8EDEBCCC5ED8}.Release|x64.Build.0 = Release|Any CPU
		{7A6DF448-7D6B-4EA3-809F-8EDEBCCC5ED8}.Release|x86.ActiveCfg = Release|Any CPU
		{7A6DF448-7D6B-4EA3-809F-8EDEBCCC5ED8}.Release|x86.Build.0 = Release|Any CPU
		{0EA0A463-2411-4F3D-BBA7-FCA4C73ABCC2}.Debug|Any CPU.ActiveCfg = Debug|Any CPU
		{0EA0A463-2411-4F3D-BBA7-FCA4C73ABCC2}.Debug|Any CPU.Build.0 = Debug|Any CPU
		{0EA0A463-2411-4F3D-BBA7-FCA4C73ABCC2}.Debug|x64.ActiveCfg = Debug|Any CPU
		{0EA0A463-2411-4F3D-BBA7-FCA4C73ABCC2}.Debug|x64.Build.0 = Debug|Any CPU
		{0EA0A463-2411-4F3D-BBA7-FCA4C73ABCC2}.Debug|x86.ActiveCfg = Debug|Any CPU
		{0EA0A463-2411-4F3D-BBA7-FCA4C73ABCC2}.Debug|x86.Build.0 = Debug|Any CPU
		{0EA0A463-2411-4F3D-BBA7-FCA4C73ABCC2}.Release|Any CPU.ActiveCfg = Release|Any CPU
		{0EA0A463-2411-4F3D-BBA7-FCA4C73ABCC2}.Release|Any CPU.Build.0 = Release|Any CPU
		{0EA0A463-2411-4F3D-BBA7-FCA4C73ABCC2}.Release|x64.ActiveCfg = Release|Any CPU
		{0EA0A463-2411-4F3D-BBA7-FCA4C73ABCC2}.Release|x64.Build.0 = Release|Any CPU
		{0EA0A463-2411-4F3D-BBA7-FCA4C73ABCC2}.Release|x86.ActiveCfg = Release|Any CPU
		{0EA0A463-2411-4F3D-BBA7-FCA4C73ABCC2}.Release|x86.Build.0 = Release|Any CPU
		{5E10038A-7115-4DF3-84DD-52CB5A1B3A2C}.Debug|Any CPU.ActiveCfg = Debug|Any CPU
		{5E10038A-7115-4DF3-84DD-52CB5A1B3A2C}.Debug|Any CPU.Build.0 = Debug|Any CPU
		{5E10038A-7115-4DF3-84DD-52CB5A1B3A2C}.Debug|x64.ActiveCfg = Debug|Any CPU
		{5E10038A-7115-4DF3-84DD-52CB5A1B3A2C}.Debug|x64.Build.0 = Debug|Any CPU
		{5E10038A-7115-4DF3-84DD-52CB5A1B3A2C}.Debug|x86.ActiveCfg = Debug|Any CPU
		{5E10038A-7115-4DF3-84DD-52CB5A1B3A2C}.Debug|x86.Build.0 = Debug|Any CPU
		{5E10038A-7115-4DF3-84DD-52CB5A1B3A2C}.Release|Any CPU.ActiveCfg = Release|Any CPU
		{5E10038A-7115-4DF3-84DD-52CB5A1B3A2C}.Release|Any CPU.Build.0 = Release|Any CPU
		{5E10038A-7115-4DF3-84DD-52CB5A1B3A2C}.Release|x64.ActiveCfg = Release|Any CPU
		{5E10038A-7115-4DF3-84DD-52CB5A1B3A2C}.Release|x64.Build.0 = Release|Any CPU
		{5E10038A-7115-4DF3-84DD-52CB5A1B3A2C}.Release|x86.ActiveCfg = Release|Any CPU
		{5E10038A-7115-4DF3-84DD-52CB5A1B3A2C}.Release|x86.Build.0 = Release|Any CPU
		{FB5E3458-D66A-4FCF-AB94-4010AF1A156C}.Debug|Any CPU.ActiveCfg = Debug|Any CPU
		{FB5E3458-D66A-4FCF-AB94-4010AF1A156C}.Debug|Any CPU.Build.0 = Debug|Any CPU
		{FB5E3458-D66A-4FCF-AB94-4010AF1A156C}.Debug|x64.ActiveCfg = Debug|Any CPU
		{FB5E3458-D66A-4FCF-AB94-4010AF1A156C}.Debug|x64.Build.0 = Debug|Any CPU
		{FB5E3458-D66A-4FCF-AB94-4010AF1A156C}.Debug|x86.ActiveCfg = Debug|Any CPU
		{FB5E3458-D66A-4FCF-AB94-4010AF1A156C}.Debug|x86.Build.0 = Debug|Any CPU
		{FB5E3458-D66A-4FCF-AB94-4010AF1A156C}.Release|Any CPU.ActiveCfg = Release|Any CPU
		{FB5E3458-D66A-4FCF-AB94-4010AF1A156C}.Release|Any CPU.Build.0 = Release|Any CPU
		{FB5E3458-D66A-4FCF-AB94-4010AF1A156C}.Release|x64.ActiveCfg = Release|Any CPU
		{FB5E3458-D66A-4FCF-AB94-4010AF1A156C}.Release|x64.Build.0 = Release|Any CPU
		{FB5E3458-D66A-4FCF-AB94-4010AF1A156C}.Release|x86.ActiveCfg = Release|Any CPU
		{FB5E3458-D66A-4FCF-AB94-4010AF1A156C}.Release|x86.Build.0 = Release|Any CPU
		{53F67447-F1EA-478B-9A18-A5C21C5D2ADF}.Debug|Any CPU.ActiveCfg = Debug|Any CPU
		{53F67447-F1EA-478B-9A18-A5C21C5D2ADF}.Debug|Any CPU.Build.0 = Debug|Any CPU
		{53F67447-F1EA-478B-9A18-A5C21C5D2ADF}.Debug|x64.ActiveCfg = Debug|Any CPU
		{53F67447-F1EA-478B-9A18-A5C21C5D2ADF}.Debug|x64.Build.0 = Debug|Any CPU
		{53F67447-F1EA-478B-9A18-A5C21C5D2ADF}.Debug|x86.ActiveCfg = Debug|Any CPU
		{53F67447-F1EA-478B-9A18-A5C21C5D2ADF}.Debug|x86.Build.0 = Debug|Any CPU
		{53F67447-F1EA-478B-9A18-A5C21C5D2ADF}.Release|Any CPU.ActiveCfg = Release|Any CPU
		{53F67447-F1EA-478B-9A18-A5C21C5D2ADF}.Release|Any CPU.Build.0 = Release|Any CPU
		{53F67447-F1EA-478B-9A18-A5C21C5D2ADF}.Release|x64.ActiveCfg = Release|Any CPU
		{53F67447-F1EA-478B-9A18-A5C21C5D2ADF}.Release|x64.Build.0 = Release|Any CPU
		{53F67447-F1EA-478B-9A18-A5C21C5D2ADF}.Release|x86.ActiveCfg = Release|Any CPU
		{53F67447-F1EA-478B-9A18-A5C21C5D2ADF}.Release|x86.Build.0 = Release|Any CPU
	EndGlobalSection
	GlobalSection(SolutionProperties) = preSolution
		HideSolutionNode = FALSE
	EndGlobalSection
	GlobalSection(NestedProjects) = preSolution
		{752E2ECC-0B2A-4369-A09B-39AF5AE24EC8} = {827E0CD3-B72D-47B6-A68D-7590B98EB39B}
		{7A6DF448-7D6B-4EA3-809F-8EDEBCCC5ED8} = {827E0CD3-B72D-47B6-A68D-7590B98EB39B}
		{0EA0A463-2411-4F3D-BBA7-FCA4C73ABCC2} = {827E0CD3-B72D-47B6-A68D-7590B98EB39B}
		{5E10038A-7115-4DF3-84DD-52CB5A1B3A2C} = {827E0CD3-B72D-47B6-A68D-7590B98EB39B}
		{FB5E3458-D66A-4FCF-AB94-4010AF1A156C} = {0AB3BF05-4346-4AA6-1389-037BE0695223}
		{53F67447-F1EA-478B-9A18-A5C21C5D2ADF} = {0AB3BF05-4346-4AA6-1389-037BE0695223}
	EndGlobalSection
EndGlobal
